
Microsoft Visual Studio Solution File, Format Version 12.00
# Visual Studio 2013
VisualStudioVersion = 12.0.40629.0
MinimumVisualStudioVersion = 10.0.40219.1
Project("{FAE04EC0-301F-11D3-BF4B-00C04F79EFBC}") = "Group04_CMS", "Group04_CMS\Group04_CMS.csproj", "{5BDE6F87-3A31-462C-8AFB-F08A7EAB537E}"
EndProject
Project("{FAE04EC0-301F-11D3-BF4B-00C04F79EFBC}") = "Group04.CMS.Tests", "Group04.CMS.Tests\Group04.CMS.Tests.csproj", "{EF046A12-C443-4910-8554-F5FA7604C2A1}"
EndProject
Project("{FAE04EC0-301F-11D3-BF4B-00C04F79EFBC}") = "Group04_CMS.Common", "Group04_CMS.Common\Group04_CMS.Common.csproj", "{49872AE3-C15B-48E6-805D-120B76861EFC}"
EndProject
Project("{2150E333-8FDC-42A3-9474-1A3956D46DE8}") = ".nuget", ".nuget", "{D617C469-3A87-40CA-B03A-EC16A6AED9FD}"
	ProjectSection(SolutionItems) = preProject
		.nuget\NuGet.Config = .nuget\NuGet.Config
		.nuget\NuGet.exe = .nuget\NuGet.exe
		.nuget\NuGet.targets = .nuget\NuGet.targets
	EndProjectSection
EndProject
Global
	GlobalSection(SolutionConfigurationPlatforms) = preSolution
		Debug|Any CPU = Debug|Any CPU
		Release|Any CPU = Release|Any CPU
	EndGlobalSection
	GlobalSection(ProjectConfigurationPlatforms) = postSolution
		{5BDE6F87-3A31-462C-8AFB-F08A7EAB537E}.Debug|Any CPU.ActiveCfg = Debug|Any CPU
		{5BDE6F87-3A31-462C-8AFB-F08A7EAB537E}.Debug|Any CPU.Build.0 = Debug|Any CPU
		{5BDE6F87-3A31-462C-8AFB-F08A7EAB537E}.Release|Any CPU.ActiveCfg = Release|Any CPU
		{5BDE6F87-3A31-462C-8AFB-F08A7EAB537E}.Release|Any CPU.Build.0 = Release|Any CPU
		{EF046A12-C443-4910-8554-F5FA7604C2A1}.Debug|Any CPU.ActiveCfg = Debug|Any CPU
		{EF046A12-C443-4910-8554-F5FA7604C2A1}.Debug|Any CPU.Build.0 = Debug|Any CPU
		{EF046A12-C443-4910-8554-F5FA7604C2A1}.Release|Any CPU.ActiveCfg = Release|Any CPU
		{EF046A12-C443-4910-8554-F5FA7604C2A1}.Release|Any CPU.Build.0 = Release|Any CPU
		{49872AE3-C15B-48E6-805D-120B76861EFC}.Debug|Any CPU.ActiveCfg = Debug|Any CPU
		{49872AE3-C15B-48E6-805D-120B76861EFC}.Debug|Any CPU.Build.0 = Debug|Any CPU
		{49872AE3-C15B-48E6-805D-120B76861EFC}.Release|Any CPU.ActiveCfg = Release|Any CPU
		{49872AE3-C15B-48E6-805D-120B76861EFC}.Release|Any CPU.Build.0 = Release|Any CPU
	EndGlobalSection
	GlobalSection(SolutionProperties) = preSolution
		HideSolutionNode = FALSE
	EndGlobalSection
EndGlobal
